lockfileVersion: 5.4

specifiers:
  '@types/node': ^14.0.14
  big-integer: ^1.6.32
  typescript: ^3.9.6

dependencies:
  '@types/node': 14.18.26
  big-integer: 1.6.51

devDependencies:
  typescript: 3.9.10

packages:

  /@types/node/14.18.26:
    resolution: {integrity: sha512-0b+utRBSYj8L7XAp0d+DX7lI4cSmowNaaTkk6/1SKzbKkG+doLuPusB9EOvzLJ8ahJSk03bTLIL6cWaEd4dBKA==}
    dev: false

  /big-integer/1.6.51:
    resolution: {integrity: sha512-GPEid2Y9QU1Exl1rpO9B2IPJGHPSupF5GnVIP0blYvNOMer2bTvSWs1jGOUg04hTmu67nmLsQ9TBo1puaotBHg==}
    engines: {node: '>=0.6'}
    dev: false

  /typescript/3.9.10:
    resolution: {integrity: sha512-w6fIxVE/H1PkLKcCPsFqKE7Kv7QUwhU8qQY2MueZXWx5cPZdwFupLgKK3vntcK98BtNHZtAF4LA/yl2a7k8R6Q==}
    engines: {node: '>=4.2.0'}
    hasBin: true
    dev: true
