# This file is generated by running "yarn install" inside your project.
# Manual changes might be lost - proceed with caution!

__metadata:
  version: 8
  cacheKey: 10c0

"@esbuild/android-arm@npm:0.15.18":
  version: 0.15.18
  resolution: "@esbuild/android-arm@npm:0.15.18"
  conditions: os=android & cpu=arm
  languageName: node
  linkType: hard

"@esbuild/linux-loong64@npm:0.15.18":
  version: 0.15.18
  resolution: "@esbuild/linux-loong64@npm:0.15.18"
  conditions: os=linux & cpu=loong64
  languageName: node
  linkType: hard

"@types/node@npm:^14.0.14":
  version: 14.18.63
  resolution: "@types/node@npm:14.18.63"
  checksum: 10c0/626a371419a6a0e11ca460b22bb4894abe5d75c303739588bc96267e380aa8b90ba5a87bc552400584f0ac2a84b5c458dadcbcf0dfd2396ebeb765f7a7f95893
  languageName: node
  linkType: hard

"algebrite@workspace:.":
  version: 0.0.0-use.local
  resolution: "algebrite@workspace:."
  dependencies:
    "@types/node": "npm:^14.0.14"
    big-integer: "npm:^1.6.32"
    esbuild: "npm:^0.15.8"
    typescript: "npm:^4.9.4"
  languageName: unknown
  linkType: soft

"big-integer@npm:^1.6.32":
  version: 1.6.52
  resolution: "big-integer@npm:1.6.52"
  checksum: 10c0/9604224b4c2ab3c43c075d92da15863077a9f59e5d4205f4e7e76acd0cd47e8d469ec5e5dba8d9b32aa233951893b29329ca56ac80c20ce094b4a647a66abae0
  languageName: node
  linkType: hard

"esbuild-android-64@npm:0.15.18":
  version: 0.15.18
  resolution: "esbuild-android-64@npm:0.15.18"
  conditions: os=android & cpu=x64
  languageName: node
  linkType: hard

"esbuild-android-arm64@npm:0.15.18":
  version: 0.15.18
  resolution: "esbuild-android-arm64@npm:0.15.18"
  conditions: os=android & cpu=arm64
  languageName: node
  linkType: hard

"esbuild-darwin-64@npm:0.15.18":
  version: 0.15.18
  resolution: "esbuild-darwin-64@npm:0.15.18"
  conditions: os=darwin & cpu=x64
  languageName: node
  linkType: hard

"esbuild-darwin-arm64@npm:0.15.18":
  version: 0.15.18
  resolution: "esbuild-darwin-arm64@npm:0.15.18"
  conditions: os=darwin & cpu=arm64
  languageName: node
  linkType: hard

"esbuild-freebsd-64@npm:0.15.18":
  version: 0.15.18
  resolution: "esbuild-freebsd-64@npm:0.15.18"
  conditions: os=freebsd & cpu=x64
  languageName: node
  linkType: hard

"esbuild-freebsd-arm64@npm:0.15.18":
  version: 0.15.18
  resolution: "esbuild-freebsd-arm64@npm:0.15.18"
  conditions: os=freebsd & cpu=arm64
  languageName: node
  linkType: hard

"esbuild-linux-32@npm:0.15.18":
  version: 0.15.18
  resolution: "esbuild-linux-32@npm:0.15.18"
  conditions: os=linux & cpu=ia32
  languageName: node
  linkType: hard

"esbuild-linux-64@npm:0.15.18":
  version: 0.15.18
  resolution: "esbuild-linux-64@npm:0.15.18"
  conditions: os=linux & cpu=x64
  languageName: node
  linkType: hard

"esbuild-linux-arm64@npm:0.15.18":
  version: 0.15.18
  resolution: "esbuild-linux-arm64@npm:0.15.18"
  conditions: os=linux & cpu=arm64
  languageName: node
  linkType: hard

"esbuild-linux-arm@npm:0.15.18":
  version: 0.15.18
  resolution: "esbuild-linux-arm@npm:0.15.18"
  conditions: os=linux & cpu=arm
  languageName: node
  linkType: hard

"esbuild-linux-mips64le@npm:0.15.18":
  version: 0.15.18
  resolution: "esbuild-linux-mips64le@npm:0.15.18"
  conditions: os=linux & cpu=mips64el
  languageName: node
  linkType: hard

"esbuild-linux-ppc64le@npm:0.15.18":
  version: 0.15.18
  resolution: "esbuild-linux-ppc64le@npm:0.15.18"
  conditions: os=linux & cpu=ppc64
  languageName: node
  linkType: hard

"esbuild-linux-riscv64@npm:0.15.18":
  version: 0.15.18
  resolution: "esbuild-linux-riscv64@npm:0.15.18"
  conditions: os=linux & cpu=riscv64
  languageName: node
  linkType: hard

"esbuild-linux-s390x@npm:0.15.18":
  version: 0.15.18
  resolution: "esbuild-linux-s390x@npm:0.15.18"
  conditions: os=linux & cpu=s390x
  languageName: node
  linkType: hard

"esbuild-netbsd-64@npm:0.15.18":
  version: 0.15.18
  resolution: "esbuild-netbsd-64@npm:0.15.18"
  conditions: os=netbsd & cpu=x64
  languageName: node
  linkType: hard

"esbuild-openbsd-64@npm:0.15.18":
  version: 0.15.18
  resolution: "esbuild-openbsd-64@npm:0.15.18"
  conditions: os=openbsd & cpu=x64
  languageName: node
  linkType: hard

"esbuild-sunos-64@npm:0.15.18":
  version: 0.15.18
  resolution: "esbuild-sunos-64@npm:0.15.18"
  conditions: os=sunos & cpu=x64
  languageName: node
  linkType: hard

"esbuild-windows-32@npm:0.15.18":
  version: 0.15.18
  resolution: "esbuild-windows-32@npm:0.15.18"
  conditions: os=win32 & cpu=ia32
  languageName: node
  linkType: hard

"esbuild-windows-64@npm:0.15.18":
  version: 0.15.18
  resolution: "esbuild-windows-64@npm:0.15.18"
  conditions: os=win32 & cpu=x64
  languageName: node
  linkType: hard

"esbuild-windows-arm64@npm:0.15.18":
  version: 0.15.18
  resolution: "esbuild-windows-arm64@npm:0.15.18"
  conditions: os=win32 & cpu=arm64
  languageName: node
  linkType: hard

"esbuild@npm:^0.15.8":
  version: 0.15.18
  resolution: "esbuild@npm:0.15.18"
  dependencies:
    "@esbuild/android-arm": "npm:0.15.18"
    "@esbuild/linux-loong64": "npm:0.15.18"
    esbuild-android-64: "npm:0.15.18"
    esbuild-android-arm64: "npm:0.15.18"
    esbuild-darwin-64: "npm:0.15.18"
    esbuild-darwin-arm64: "npm:0.15.18"
    esbuild-freebsd-64: "npm:0.15.18"
    esbuild-freebsd-arm64: "npm:0.15.18"
    esbuild-linux-32: "npm:0.15.18"
    esbuild-linux-64: "npm:0.15.18"
    esbuild-linux-arm: "npm:0.15.18"
    esbuild-linux-arm64: "npm:0.15.18"
    esbuild-linux-mips64le: "npm:0.15.18"
    esbuild-linux-ppc64le: "npm:0.15.18"
    esbuild-linux-riscv64: "npm:0.15.18"
    esbuild-linux-s390x: "npm:0.15.18"
    esbuild-netbsd-64: "npm:0.15.18"
    esbuild-openbsd-64: "npm:0.15.18"
    esbuild-sunos-64: "npm:0.15.18"
    esbuild-windows-32: "npm:0.15.18"
    esbuild-windows-64: "npm:0.15.18"
    esbuild-windows-arm64: "npm:0.15.18"
  dependenciesMeta:
    "@esbuild/android-arm":
      optional: true
    "@esbuild/linux-loong64":
      optional: true
    esbuild-android-64:
      optional: true
    esbuild-android-arm64:
      optional: true
    esbuild-darwin-64:
      optional: true
    esbuild-darwin-arm64:
      optional: true
    esbuild-freebsd-64:
      optional: true
    esbuild-freebsd-arm64:
      optional: true
    esbuild-linux-32:
      optional: true
    esbuild-linux-64:
      optional: true
    esbuild-linux-arm:
      optional: true
    esbuild-linux-arm64:
      optional: true
    esbuild-linux-mips64le:
      optional: true
    esbuild-linux-ppc64le:
      optional: true
    esbuild-linux-riscv64:
      optional: true
    esbuild-linux-s390x:
      optional: true
    esbuild-netbsd-64:
      optional: true
    esbuild-openbsd-64:
      optional: true
    esbuild-sunos-64:
      optional: true
    esbuild-windows-32:
      optional: true
    esbuild-windows-64:
      optional: true
    esbuild-windows-arm64:
      optional: true
  bin:
    esbuild: bin/esbuild
  checksum: 10c0/4eb13979ae2e52eab529b79a0f236e03d08a7bd90c46924d60af73ea4de32d819abf916d0fd7a12b4908f91297e1477739f3ea9c53a68fbcc47a08ab173c41b0
  languageName: node
  linkType: hard

"typescript@npm:^4.9.4":
  version: 4.9.5
  resolution: "typescript@npm:4.9.5"
  bin:
    tsc: bin/tsc
    tsserver: bin/tsserver
  checksum: 10c0/5f6cad2e728a8a063521328e612d7876e12f0d8a8390d3b3aaa452a6a65e24e9ac8ea22beb72a924fd96ea0a49ea63bb4e251fb922b12eedfb7f7a26475e5c56
  languageName: node
  linkType: hard

"typescript@patch:typescript@npm%3A^4.9.4#optional!builtin<compat/typescript>":
  version: 4.9.5
  resolution: "typescript@patch:typescript@npm%3A4.9.5#optional!builtin<compat/typescript>::version=4.9.5&hash=289587"
  bin:
    tsc: bin/tsc
    tsserver: bin/tsserver
  checksum: 10c0/e3333f887c6829dfe0ab6c1dbe0dd1e3e2aeb56c66460cb85c5440c566f900c833d370ca34eb47558c0c69e78ced4bfe09b8f4f98b6de7afed9b84b8d1dd06a1
  languageName: node
  linkType: hard
